
Microsoft Visual Studio Solution File, Format Version 12.00
# Visual Studio Version 16
VisualStudioVersion = 16.0.30104.148
MinimumVisualStudioVersion = 10.0.40219.1
Project("{FAE04EC0-301F-11D3-BF4B-00C04F79EFBC}") = "MinimalExcel", "MinimalExcel\MinimalExcel.csproj", "{3F01556A-3FF7-4789-8E5B-5DF2E845398A}"
EndProject
Global
	GlobalSection(SolutionConfigurationPlatforms) = preSolution
		Debug|Any CPU = Debug|Any CPU
		Release|Any CPU = Release|Any CPU
	EndGlobalSection
	GlobalSection(ProjectConfigurationPlatforms) = postSolution
		{3F01556A-3FF7-4789-8E5B-5DF2E845398A}.Debug|Any CPU.ActiveCfg = Debug|Any CPU
		{3F01556A-3FF7-4789-8E5B-5DF2E845398A}.Debug|Any CPU.Build.0 = Debug|Any CPU
		{3F01556A-3FF7-4789-8E5B-5DF2E845398A}.Release|Any CPU.ActiveCfg = Release|Any CPU
		{3F01556A-3FF7-4789-8E5B-5DF2E845398A}.Release|Any CPU.Build.0 = Release|Any CPU
	EndGlobalSection
	GlobalSection(SolutionProperties) = preSolution
		HideSolutionNode = FALSE
	EndGlobalSection
	GlobalSection(ExtensibilityGlobals) = postSolution
		SolutionGuid = {E9E69179-9AB0-4E64-AE6A-E6D1150AF669}
	EndGlobalSection
EndGlobal
